<?xml version="1.0" encoding="utf-8"?>
<Project ToolsVersion="4.0" xmlns="http://schemas.microsoft.com/developer/msbuild/2003">
  <ItemGroup>
    <Filter Include="Source Files">
      <UniqueIdentifier>{4FC737F1-C7A5-4376-A066-2A32D752A2FF}</UniqueIdentifier>
      <Extensions>cpp;c;cc;cxx;def;odl;idl;hpj;bat;asm;asmx</Extensions>
    </Filter>
    <Filter Include="Header Files">
      <UniqueIdentifier>{93995380-89BD-4b04-88EB-625FBE52EBFB}</UniqueIdentifier>
      <Extensions>h;hpp;hxx;hm;inl;inc;xsd</Extensions>
    </Filter>
    <Filter Include="Resource Files">
      <UniqueIdentifier>{67DA6AB6-F800-4c08-8B7A-83BB121AAD01}</UniqueIdentifier>
      <Extensions>rc;ico;cur;bmp;dlg;rc2;rct;bin;rgs;gif;jpg;jpeg;jpe;resx;tiff;tif;png;wav;mfcribbon-ms</Extensions>
    </Filter>
    <Filter Include="Header Files\GameObject">
      <UniqueIdentifier>{a4de7aac-2f5a-42af-b1ad-a8306426b818}</UniqueIdentifier>
    </Filter>
    <Filter Include="Source Files\GameplayComponents">
      <UniqueIdentifier>{1b74e528-830d-4f56-b46a-1444ed933707}</UniqueIdentifier>
    </Filter>
    <Filter Include="Header Files\GameplayComponents">
      <UniqueIdentifier>{a8601243-a6d4-46a4-bb47-a7a392962596}</UniqueIdentifier>
    </Filter>
    <Filter Include="Shaders">
      <UniqueIdentifier>{e4c6fd55-58fe-4fe7-a92a-b9baf49d3e7b}</UniqueIdentifier>
    </Filter>
    <Filter Include="Source Files\UI">
      <UniqueIdentifier>{43a8d877-2b1e-4b44-8e52-449dba8b57b9}</UniqueIdentifier>
    </Filter>
    <Filter Include="Header Files\UI">
      <UniqueIdentifier>{49c31648-9603-4b4e-a46d-972a13d31429}</UniqueIdentifier>
    </Filter>
  </ItemGroup>
  <ItemGroup>
    <ClCompile Include="main.cpp">
      <Filter>Source Files</Filter>
    </ClCompile>
    <ClCompile Include="Game.cpp">
      <Filter>Source Files</Filter>
    </ClCompile>
    <ClCompile Include="Spinner.cpp">
      <Filter>Source Files\GameplayComponents</Filter>
    </ClCompile>
    <ClCompile Include="Plunger.cpp">
      <Filter>Source Files\GameplayComponents</Filter>
    </ClCompile>
    <ClCompile Include="Ball.cpp">
      <Filter>Source Files\GameplayComponents</Filter>
    </ClCompile>
    <ClCompile Include="Wall.cpp">
      <Filter>Source Files\GameplayComponents</Filter>
    </ClCompile>
    <ClCompile Include="HUD.cpp">
      <Filter>Source Files\UI</Filter>
    </ClCompile>
    <ClCompile Include="GLTextWriter.cpp">
      <Filter>Source Files\UI</Filter>
    </ClCompile>
    <ClCompile Include="TitleMenu.cpp">
      <Filter>Source Files\UI</Filter>
    </ClCompile>
    <ClCompile Include="PauseMenu.cpp">
      <Filter>Source Files\UI</Filter>
    </ClCompile>
    <ClCompile Include="MenuManager.cpp">
      <Filter>Source Files\UI</Filter>
    </ClCompile>
    <ClCompile Include="CreditsMenu.cpp">
      <Filter>Source Files\UI</Filter>
    </ClCompile>
    <ClCompile Include="InstructionsMenu.cpp">
      <Filter>Source Files\UI</Filter>
    </ClCompile>
    <ClCompile Include="DrawablePolygon.cpp">
      <Filter>Source Files\UI</Filter>
    </ClCompile>
    <ClCompile Include="Bumper.cpp">
      <Filter>Source Files\GameplayComponents</Filter>
    </ClCompile>
    <ClCompile Include="Flipper.cpp">
      <Filter>Source Files\GameplayComponents</Filter>
    </ClCompile>
    <ClCompile Include="Collision.cpp">
      <Filter>Source Files</Filter>
    </ClCompile>
    <ClCompile Include="AbstractMenu.cpp">
      <Filter>Source Files\UI</Filter>
    </ClCompile>
    <ClCompile Include="RigidBody.cpp">
      <Filter>Source Files\GameplayComponents</Filter>
    </ClCompile>
  </ItemGroup>
  <ItemGroup>
    <ClInclude Include="includes.h">
      <Filter>Header Files</Filter>
    </ClInclude>
    <ClInclude Include="Mesh.h">
      <Filter>Header Files\GameObject</Filter>
    </ClInclude>
    <ClInclude Include="Transform.h">
      <Filter>Header Files\GameObject</Filter>
    </ClInclude>
    <ClInclude Include="RigidBody.h">
      <Filter>Header Files\GameObject</Filter>
    </ClInclude>
    <ClInclude Include="AbstractGameObject.h">
      <Filter>Header Files\GameObject</Filter>
    </ClInclude>
    <ClInclude Include="vec.h">
      <Filter>Header Files</Filter>
    </ClInclude>
    <ClInclude Include="mat.h">
      <Filter>Header Files</Filter>
    </ClInclude>
    <ClInclude Include="Shader.h">
      <Filter>Header Files</Filter>
    </ClInclude>
    <ClInclude Include="Spinner.h">
      <Filter>Header Files\GameplayComponents</Filter>
    </ClInclude>
    <ClInclude Include="Plunger.h">
      <Filter>Header Files\GameplayComponents</Filter>
    </ClInclude>
    <ClInclude Include="Ball.h">
      <Filter>Header Files\GameplayComponents</Filter>
    </ClInclude>
    <ClInclude Include="Wall.h">
      <Filter>Header Files\GameplayComponents</Filter>
    </ClInclude>
    <ClInclude Include="HUD.h">
      <Filter>Header Files\UI</Filter>
    </ClInclude>
    <ClInclude Include="DrawablePolygon.h">
      <Filter>Header Files\UI</Filter>
    </ClInclude>
    <ClInclude Include="GLTextWriter.h">
      <Filter>Header Files\UI</Filter>
    </ClInclude>
    <ClInclude Include="MenuManager.h">
      <Filter>Header Files\UI</Filter>
    </ClInclude>
    <ClInclude Include="AbstractMenu.h">
      <Filter>Header Files\UI</Filter>
    </ClInclude>
    <ClInclude Include="TitleMenu.h">
      <Filter>Header Files\UI</Filter>
    </ClInclude>
    <ClInclude Include="Game.h">
      <Filter>Header Files</Filter>
    </ClInclude>
    <ClInclude Include="PauseMenu.h">
      <Filter>Header Files\UI</Filter>
    </ClInclude>
    <ClInclude Include="CreditsMenu.h">
      <Filter>Header Files\UI</Filter>
    </ClInclude>
    <ClInclude Include="InstructionsMenu.h">
      <Filter>Header Files\UI</Filter>
    </ClInclude>
    <ClInclude Include="Bumper.h">
      <Filter>Header Files\GameplayComponents</Filter>
    </ClInclude>
    <ClInclude Include="Flipper.h">
      <Filter>Header Files\GameplayComponents</Filter>
    </ClInclude>
    <ClInclude Include="Collision.h">
      <Filter>Header Files</Filter>
    </ClInclude>
  </ItemGroup>
  <ItemGroup>
    <None Include="vshader.glsl">
      <Filter>Shaders</Filter>
    </None>
    <None Include="fshader.glsl">
      <Filter>Shaders</Filter>
    </None>
  </ItemGroup>
</Project>